# THIS IS AN AUTOGENERATED FILE. DO NOT EDIT THIS FILE DIRECTLY.
# yarn lockfile v1


ramda-adjunct@^2.11.0:
  version "2.11.0"
  resolved "https://registry.yarnpkg.com/ramda-adjunct/-/ramda-adjunct-2.11.0.tgz#45d7cf5da84f39ab3ff9e24b43dc098049a14822"

ramda@^0.25.0:
  version "0.25.0"
  resolved "https://registry.yarnpkg.com/ramda/-/ramda-0.25.0.tgz#8fdf68231cffa90bc2f9460390a0cb74a29b29a9"
